# This file is automatically @generated by Cargo.
# It is not intended for manual editing.
version = 4

[[package]]
name = "ai-orchestrator"
version = "0.1.2"
dependencies = [
 "platform-domain",
]

[[package]]
name = "api-gateway"
version = "0.1.2"
dependencies = [
 "audit-core",
 "event-core",
 "platform-core",
 "platform-domain",
]

[[package]]
name = "audit-core"
version = "0.1.2"
dependencies = [
 "event-core",
 "platform-core",
]

[[package]]
name = "automation-library"
version = "0.1.2"
dependencies = [
 "integration-core",
 "platform-core",
 "platform-domain",
 "workflow-engine",
]

[[package]]
name = "cmdb-domain"
version = "0.1.2"
dependencies = [
 "platform-core",
 "platform-domain",
]

[[package]]
name = "connector-host"
version = "0.1.2"
dependencies = [
 "event-core",
 "integration-core",
 "platform-core",
]

[[package]]
name = "control-plane"
version = "0.1.2"
dependencies = [
 "ai-orchestrator",
 "audit-core",
 "automation-library",
 "cmdb-domain",
 "event-core",
 "integration-core",
 "platform-core",
 "platform-domain",
 "policy-engine",
 "security-foundation",
]

[[package]]
name = "event-core"
version = "0.1.2"
dependencies = [
 "platform-core",
]

[[package]]
name = "event-relay"
version = "0.1.2"
dependencies = [
 "audit-core",
 "event-core",
 "persistence-core",
 "platform-core",
]

[[package]]
name = "integration-core"
version = "0.1.2"
dependencies = [
 "platform-domain",
 "security-foundation",
]

[[package]]
name = "itom-domain"
version = "0.1.2"
dependencies = [
 "cmdb-domain",
 "platform-core",
]

[[package]]
name = "migrator"
version = "0.1.2"
dependencies = [
 "platform-domain",
]

[[package]]
name = "persistence-core"
version = "0.1.2"
dependencies = [
 "audit-core",
 "event-core",
 "platform-core",
]

[[package]]
name = "platform-core"
version = "0.1.2"

[[package]]
name = "platform-domain"
version = "0.1.2"
dependencies = [
 "platform-core",
]

[[package]]
name = "policy-engine"
version = "0.1.2"
dependencies = [
 "platform-domain",
 "security-foundation",
]

[[package]]
name = "search-knowledge"
version = "0.1.2"
dependencies = [
 "platform-domain",
]

[[package]]
name = "secops-domain"
version = "0.1.2"
dependencies = [
 "cmdb-domain",
 "itom-domain",
 "platform-core",
]

[[package]]
name = "security-foundation"
version = "0.1.2"
dependencies = [
 "platform-domain",
]

[[package]]
name = "worker"
version = "0.1.2"
dependencies = [
 "event-core",
 "persistence-core",
 "platform-core",
]

[[package]]
name = "workflow-engine"
version = "0.1.2"
dependencies = [
 "platform-core",
]
